<?xml version="1.0" encoding="UTF-8"?>
<CONFIG>
  <ProjectOptions>
    <Version Value="12"/>
    <PathDelim Value="\"/>
    <General>
      <SessionStorage Value="InProjectDir"/>
      <Title Value="ParamentersCSL"/>
      <Scaled Value="True"/>
      <ResourceType Value="res"/>
      <UseXPManifest Value="True"/>
      <XPManifest>
        <DpiAware Value="True"/>
      </XPManifest>
      <Icon Value="0"/>
    </General>
    <BuildModes>
      <Item Name="Default" Default="True"/>
      <Item Name="Debug">
        <CompilerOptions>
          <Version Value="11"/>
          <Parsing>
            <SyntaxOptions>
              <UseAnsiStrings Value="False"/>
            </SyntaxOptions>
          </Parsing>
        </CompilerOptions>
      </Item>
      <Item Name="Release">
        <CompilerOptions>
          <Version Value="11"/>
          <Parsing>
            <SyntaxOptions>
              <UseAnsiStrings Value="False"/>
            </SyntaxOptions>
          </Parsing>
        </CompilerOptions>
      </Item>
    </BuildModes>
    <PublishOptions>
      <Version Value="2"/>
      <UseFileFilters Value="True"/>
    </PublishOptions>
    <RunParams>
      <FormatVersion Value="2"/>
    </RunParams>
    <RequiredPackages>
      <Item>
        <PackageName Value="LCL"/>
      </Item>
    </RequiredPackages>
    <Units>
      <Unit>
        <Filename Value="ParamentersCSL.lpr"/>
        <IsPartOfProject Value="True"/>
      </Unit>
      <Unit>
        <Filename Value="src\View\unit1.pas"/>
        <IsPartOfProject Value="True"/>
        <ComponentName Value="Form1"/>
        <ResourceBaseClass Value="Form"/>
        <UnitName Value="Unit1"/>
      </Unit>
      <Unit>
        <Filename Value="src\View\ufrmParamenters_Test.pas"/>
        <IsPartOfProject Value="True"/>
        <ComponentName Value="frmConfigCRUD"/>
        <HasResources Value="True"/>
        <ResourceBaseClass Value="Form"/>
      </Unit>
      <Unit>
        <Filename Value="src\ParamentersORM.Database.inc"/>
        <IsPartOfProject Value="True"/>
      </Unit>
      <Unit>
        <Filename Value="src\ParamentersORM.Defines.inc"/>
        <IsPartOfProject Value="True"/>
      </Unit>
      <Unit>
        <Filename Value="src\Paramenters\Parameters.Intefaces.pas"/>
        <IsPartOfProject Value="True"/>
      </Unit>
      <Unit>
        <Filename Value="src\Paramenters\Parameters.pas"/>
        <IsPartOfProject Value="True"/>
      </Unit>
      <Unit>
        <Filename Value="src\Paramenters\Commons\Parameters.Consts.pas"/>
        <IsPartOfProject Value="True"/>
      </Unit>
      <Unit>
        <Filename Value="src\Paramenters\Commons\Parameters.Exceptions.pas"/>
        <IsPartOfProject Value="True"/>
      </Unit>
      <Unit>
        <Filename Value="src\Paramenters\Commons\Parameters.Types.pas"/>
        <IsPartOfProject Value="True"/>
      </Unit>
      <Unit>
        <Filename Value="src\Paramenters\Database\Parameters.Database.pas"/>
        <IsPartOfProject Value="True"/>
      </Unit>
      <Unit>
        <Filename Value="src\Paramenters\IniFiles\Parameters.Inifiles.pas"/>
        <IsPartOfProject Value="True"/>
      </Unit>
      <Unit>
        <Filename Value="src\Paramenters\JsonObject\Parameters.JsonObject.pas"/>
        <IsPartOfProject Value="True"/>
      </Unit>
    </Units>
  </ProjectOptions>
  <CompilerOptions>
    <Version Value="11"/>
    <PathDelim Value="\"/>
    <Target>
      <Filename Value="Compiled\EXE\$(BuildMode)\$(TargetOS)\ParamentersCSL_$(TargetOS)"/>
    </Target>
    <SearchPaths>
      <IncludeFiles Value="$(ProjOutDir);src"/>
      <OtherUnitFiles Value="src\View;src\Paramenters;src\Paramenters\Commons;src\Paramenters\Database;src\Paramenters\IniFiles;src\Paramenters\JsonObject;C:\lazarus\Configuracao\onlinepackagemanager\packages\zeosdbo\src\;C:\lazarus\Configuracao\onlinepackagemanager\packages\zeosdbo\src\component\;C:\lazarus\Configuracao\onlinepackagemanager\packages\zeosdbo\src\core\;C:\lazarus\Configuracao\onlinepackagemanager\packages\zeosdbo\src\dbc\;C:\lazarus\Configuracao\onlinepackagemanager\packages\zeosdbo\src\parsesql\;C:\lazarus\Configuracao\onlinepackagemanager\packages\zeosdbo\src\plain\;C:\lazarus\Configuracao\onlinepackagemanager\packages\zeosdbo\src\webservice\;C:\lazarus\Configuracao\onlinepackagemanager\packages\zeosdbo\src\webservice\client\;E:\Pacote\dataset-serialize\src\"/>
      <UnitOutputDirectory Value="Compiled\DCU\$(BuildMode)\$(TargetOS)"/>
    </SearchPaths>
    <Parsing>
      <SyntaxOptions>
        <SyntaxMode Value="Delphi"/>
        <CStyleOperator Value="False"/>
        <AllowLabel Value="False"/>
        <CPPInline Value="False"/>
      </SyntaxOptions>
    </Parsing>
    <Linking>
      <Debugging>
        <GenerateDebugInfo Value="False"/>
        <DebugInfoType Value="dsDwarf3"/>
      </Debugging>
      <Options>
        <Win32>
          <GraphicApplication Value="True"/>
        </Win32>
      </Options>
    </Linking>
  </CompilerOptions>
  <Debugging>
    <Exceptions>
      <Item>
        <Name Value="EAbort"/>
      </Item>
      <Item>
        <Name Value="ECodetoolError"/>
      </Item>
      <Item>
        <Name Value="EFOpenError"/>
      </Item>
    </Exceptions>
  </Debugging>
</CONFIG>
